
Microsoft Visual Studio Solution File, Format Version 12.00
# Visual Studio Version 16
VisualStudioVersion = 16.0.29613.14
MinimumVisualStudioVersion = 10.0.40219.1
Project("{FAE04EC0-301F-11D3-BF4B-00C04F79EFBC}") = "Petrov Laba 1 Computer Graphic var 7", "Petrov Laba 1 Computer Graphic var 7\Petrov Laba 1 Computer Graphic var 7.csproj", "{03615D69-C0DE-45D0-B1D8-A6F73A5FF43E}"
EndProject
Global
	GlobalSection(SolutionConfigurationPlatforms) = preSolution
		Debug|Any CPU = Debug|Any CPU
		Release|Any CPU = Release|Any CPU
	EndGlobalSection
	GlobalSection(ProjectConfigurationPlatforms) = postSolution
		{03615D69-C0DE-45D0-B1D8-A6F73A5FF43E}.Debug|Any CPU.ActiveCfg = Debug|Any CPU
		{03615D69-C0DE-45D0-B1D8-A6F73A5FF43E}.Debug|Any CPU.Build.0 = Debug|Any CPU
		{03615D69-C0DE-45D0-B1D8-A6F73A5FF43E}.Release|Any CPU.ActiveCfg = Release|Any CPU
		{03615D69-C0DE-45D0-B1D8-A6F73A5FF43E}.Release|Any CPU.Build.0 = Release|Any CPU
	EndGlobalSection
	GlobalSection(SolutionProperties) = preSolution
		HideSolutionNode = FALSE
	EndGlobalSection
	GlobalSection(ExtensibilityGlobals) = postSolution
		SolutionGuid = {D3C2E759-C7FE-4622-9837-4858008648BA}
	EndGlobalSection
EndGlobal
